// !$*UTF8*$!
{
	archiveVersion = 1;
	classes = {
	};
	objectVersion = 50;
	objects = {

/* Begin PBXBuildFile section */
		D713739425BB18DF00DBF96B /* TimeZoneHeader.swift in Sources */ = {isa = PBXBuildFile; fileRef = D713739225BB18DF00DBF96B /* TimeZoneHeader.swift */; };
		D713739525BB18DF00DBF96B /* TimeZoneHeader.xib in Resources */ = {isa = PBXBuildFile; fileRef = D713739325BB18DF00DBF96B /* TimeZoneHeader.xib */; };
		D71373A125BBBD4400DBF96B /* TimeZoneCell.swift in Sources */ = {isa = PBXBuildFile; fileRef = D713739F25BBBD4400DBF96B /* TimeZoneCell.swift */; };
		D71373A225BBBD4400DBF96B /* TimeZoneCell.xib in Resources */ = {isa = PBXBuildFile; fileRef = D71373A025BBBD4400DBF96B /* TimeZoneCell.xib */; };
		D752C9E12595D30E005A4889 /* AppDelegate.swift in Sources */ = {isa = PBXBuildFile; fileRef = D752C9E02595D30E005A4889 /* AppDelegate.swift */; };
		D752C9E32595D30E005A4889 /* SceneDelegate.swift in Sources */ = {isa = PBXBuildFile; fileRef = D752C9E22595D30E005A4889 /* SceneDelegate.swift */; };
		D752C9E52595D30E005A4889 /* ViewController.swift in Sources */ = {isa = PBXBuildFile; fileRef = D752C9E42595D30E005A4889 /* ViewController.swift */; };
		D752C9E82595D30E005A4889 /* Main.storyboard in Resources */ = {isa = PBXBuildFile; fileRef = D752C9E62595D30E005A4889 /* Main.storyboard */; };
		D752C9EA2595D312005A4889 /* Assets.xcassets in Resources */ = {isa = PBXBuildFile; fileRef = D752C9E92595D312005A4889 /* Assets.xcassets */; };
		D752C9ED2595D312005A4889 /* LaunchScreen.storyboard in Resources */ = {isa = PBXBuildFile; fileRef = D752C9EB2595D312005A4889 /* LaunchScreen.storyboard */; };
		D752C9F82595D313005A4889 /* FixerAppTests.swift in Sources */ = {isa = PBXBuildFile; fileRef = D752C9F72595D313005A4889 /* FixerAppTests.swift */; };
		D752CA032595D313005A4889 /* FixerAppUITests.swift in Sources */ = {isa = PBXBuildFile; fileRef = D752CA022595D313005A4889 /* FixerAppUITests.swift */; };
/* End PBXBuildFile section */

/* Begin PBXContainerItemProxy section */
		D752C9F42595D313005A4889 /* PBXContainerItemProxy */ = {
			isa = PBXContainerItemProxy;
			containerPortal = D752C9D52595D30D005A4889 /* Project object */;
			proxyType = 1;
			remoteGlobalIDString = D752C9DC2595D30E005A4889;
			remoteInfo = FixerApp;
		};
		D752C9FF2595D313005A4889 /* PBXContainerItemProxy */ = {
			isa = PBXContainerItemProxy;
			containerPortal = D752C9D52595D30D005A4889 /* Project object */;
			proxyType = 1;
			remoteGlobalIDString = D752C9DC2595D30E005A4889;
			remoteInfo = FixerApp;
		};
/* End PBXContainerItemProxy section */

/* Begin PBXFileReference section */
		D713739225BB18DF00DBF96B /* TimeZoneHeader.swift */ = {isa = PBXFileReference; lastKnownFileType = sourcecode.swift; path = TimeZoneHeader.swift; sourceTree = "<group>"; };
		D713739325BB18DF00DBF96B /* TimeZoneHeader.xib */ = {isa = PBXFileReference; lastKnownFileType = file.xib; path = TimeZoneHeader.xib; sourceTree = "<group>"; };
		D713739F25BBBD4400DBF96B /* TimeZoneCell.swift */ = {isa = PBXFileReference; lastKnownFileType = sourcecode.swift; path = TimeZoneCell.swift; sourceTree = "<group>"; };
		D71373A025BBBD4400DBF96B /* TimeZoneCell.xib */ = {isa = PBXFileReference; lastKnownFileType = file.xib; path = TimeZoneCell.xib; sourceTree = "<group>"; };
		D752C9DD2595D30E005A4889 /* FixerApp.app */ = {isa = PBXFileReference; explicitFileType = wrapper.application; includeInIndex = 0; path = FixerApp.app; sourceTree = BUILT_PRODUCTS_DIR; };
		D752C9E02595D30E005A4889 /* AppDelegate.swift */ = {isa = PBXFileReference; lastKnownFileType = sourcecode.swift; path = AppDelegate.swift; sourceTree = "<group>"; };
		D752C9E22595D30E005A4889 /* SceneDelegate.swift */ = {isa = PBXFileReference; lastKnownFileType = sourcecode.swift; path = SceneDelegate.swift; sourceTree = "<group>"; };
		D752C9E42595D30E005A4889 /* ViewController.swift */ = {isa = PBXFileReference; lastKnownFileType = sourcecode.swift; path = ViewController.swift; sourceTree = "<group>"; };
		D752C9E72595D30E005A4889 /* Base */ = {isa = PBXFileReference; lastKnownFileType = file.storyboard; name = Base; path = Base.lproj/Main.storyboard; sourceTree = "<group>"; };
		D752C9E92595D312005A4889 /* Assets.xcassets */ = {isa = PBXFileReference; lastKnownFileType = folder.assetcatalog; path = Assets.xcassets; sourceTree = "<group>"; };
		D752C9EC2595D312005A4889 /* Base */ = {isa = PBXFileReference; lastKnownFileType = file.storyboard; name = Base; path = Base.lproj/LaunchScreen.storyboard; sourceTree = "<group>"; };
		D752C9EE2595D312005A4889 /* Info.plist */ = {isa = PBXFileReference; lastKnownFileType = text.plist.xml; path = Info.plist; sourceTree = "<group>"; };
		D752C9F32595D313005A4889 /* FixerAppTests.xctest */ = {isa = PBXFileReference; explicitFileType = wrapper.cfbundle; includeInIndex = 0; path = FixerAppTests.xctest; sourceTree = BUILT_PRODUCTS_DIR; };
		D752C9F72595D313005A4889 /* FixerAppTests.swift */ = {isa = PBXFileReference; lastKnownFileType = sourcecode.swift; path = FixerAppTests.swift; sourceTree = "<group>"; };
		D752C9F92595D313005A4889 /* Info.plist */ = {isa = PBXFileReference; lastKnownFileType = text.plist.xml; path = Info.plist; sourceTree = "<group>"; };
		D752C9FE2595D313005A4889 /* FixerAppUITests.xctest */ = {isa = PBXFileReference; explicitFileType = wrapper.cfbundle; includeInIndex = 0; path = FixerAppUITests.xctest; sourceTree = BUILT_PRODUCTS_DIR; };
		D752CA022595D313005A4889 /* FixerAppUITests.swift */ = {isa = PBXFileReference; lastKnownFileType = sourcecode.swift; path = FixerAppUITests.swift; sourceTree = "<group>"; };
		D752CA042595D313005A4889 /* Info.plist */ = {isa = PBXFileReference; lastKnownFileType = text.plist.xml; path = Info.plist; sourceTree = "<group>"; };
/* End PBXFileReference section */

/* Begin PBXFrameworksBuildPhase section */
		D752C9DA2595D30E005A4889 /* Frameworks */ = {
			isa = PBXFrameworksBuildPhase;
			buildActionMask = 2147483647;
			files = (
			);
			runOnlyForDeploymentPostprocessing = 0;
		};
		D752C9F02595D313005A4889 /* Frameworks */ = {
			isa = PBXFrameworksBuildPhase;
			buildActionMask = 2147483647;
			files = (
			);
			runOnlyForDeploymentPostprocessing = 0;
		};
		D752C9FB2595D313005A4889 /* Frameworks */ = {
			isa = PBXFrameworksBuildPhase;
			buildActionMask = 2147483647;
			files = (
			);
			runOnlyForDeploymentPostprocessing = 0;
		};
/* End PBXFrameworksBuildPhase section */

/* Begin PBXGroup section */
		D752C9D42595D30D005A4889 = {
			isa = PBXGroup;
			children = (
				D752C9DF2595D30E005A4889 /* FixerApp */,
				D752C9F62595D313005A4889 /* FixerAppTests */,
				D752CA012595D313005A4889 /* FixerAppUITests */,
				D752C9DE2595D30E005A4889 /* Products */,
			);
			sourceTree = "<group>";
		};
		D752C9DE2595D30E005A4889 /* Products */ = {
			isa = PBXGroup;
			children = (
				D752C9DD2595D30E005A4889 /* FixerApp.app */,
				D752C9F32595D313005A4889 /* FixerAppTests.xctest */,
				D752C9FE2595D313005A4889 /* FixerAppUITests.xctest */,
			);
			name = Products;
			sourceTree = "<group>";
		};
		D752C9DF2595D30E005A4889 /* FixerApp */ = {
			isa = PBXGroup;
			children = (
				D752C9E02595D30E005A4889 /* AppDelegate.swift */,
				D752C9E22595D30E005A4889 /* SceneDelegate.swift */,
				D752C9E42595D30E005A4889 /* ViewController.swift */,
				D752C9E62595D30E005A4889 /* Main.storyboard */,
				D713739225BB18DF00DBF96B /* TimeZoneHeader.swift */,
				D713739F25BBBD4400DBF96B /* TimeZoneCell.swift */,
				D71373A025BBBD4400DBF96B /* TimeZoneCell.xib */,
				D713739325BB18DF00DBF96B /* TimeZoneHeader.xib */,
				D752C9E92595D312005A4889 /* Assets.xcassets */,
				D752C9EB2595D312005A4889 /* LaunchScreen.storyboard */,
				D752C9EE2595D312005A4889 /* Info.plist */,
			);
			path = FixerApp;
			sourceTree = "<group>";
		};
		D752C9F62595D313005A4889 /* FixerAppTests */ = {
			isa = PBXGroup;
			children = (
				D752C9F72595D313005A4889 /* FixerAppTests.swift */,
				D752C9F92595D313005A4889 /* Info.plist */,
			);
			path = FixerAppTests;
			sourceTree = "<group>";
		};
		D752CA012595D313005A4889 /* FixerAppUITests */ = {
			isa = PBXGroup;
			children = (
				D752CA022595D313005A4889 /* FixerAppUITests.swift */,
				D752CA042595D313005A4889 /* Info.plist */,
			);
			path = FixerAppUITests;
			sourceTree = "<group>";
		};
/* End PBXGroup section */

/* Begin PBXNativeTarget section */
		D752C9DC2595D30E005A4889 /* FixerApp */ = {
			isa = PBXNativeTarget;
			buildConfigurationList = D752CA072595D313005A4889 /* Build configuration list for PBXNativeTarget "FixerApp" */;
			buildPhases = (
				D752C9D92595D30E005A4889 /* Sources */,
				D752C9DA2595D30E005A4889 /* Frameworks */,
				D752C9DB2595D30E005A4889 /* Resources */,
			);
			buildRules = (
			);
			dependencies = (
			);
			name = FixerApp;
			productName = FixerApp;
			productReference = D752C9DD2595D30E005A4889 /* FixerApp.app */;
			productType = "com.apple.product-type.application";
		};
		D752C9F22595D313005A4889 /* FixerAppTests */ = {
			isa = PBXNativeTarget;
			buildConfigurationList = D752CA0A2595D313005A4889 /* Build configuration list for PBXNativeTarget "FixerAppTests" */;
			buildPhases = (
				D752C9EF2595D313005A4889 /* Sources */,
				D752C9F02595D313005A4889 /* Frameworks */,
				D752C9F12595D313005A4889 /* Resources */,
			);
			buildRules = (
			);
			dependencies = (
				D752C9F52595D313005A4889 /* PBXTargetDependency */,
			);
			name = FixerAppTests;
			productName = FixerAppTests;
			productReference = D752C9F32595D313005A4889 /* FixerAppTests.xctest */;
			productType = "com.apple.product-type.bundle.unit-test";
		};
		D752C9FD2595D313005A4889 /* FixerAppUITests */ = {
			isa = PBXNativeTarget;
			buildConfigurationList = D752CA0D2595D313005A4889 /* Build configuration list for PBXNativeTarget "FixerAppUITests" */;
			buildPhases = (
				D752C9FA2595D313005A4889 /* Sources */,
				D752C9FB2595D313005A4889 /* Frameworks */,
				D752C9FC2595D313005A4889 /* Resources */,
			);
			buildRules = (
			);
			dependencies = (
				D752CA002595D313005A4889 /* PBXTargetDependency */,
			);
			name = FixerAppUITests;
			productName = FixerAppUITests;
			productReference = D752C9FE2595D313005A4889 /* FixerAppUITests.xctest */;
			productType = "com.apple.product-type.bundle.ui-testing";
		};
/* End PBXNativeTarget section */

/* Begin PBXProject section */
		D752C9D52595D30D005A4889 /* Project object */ = {
			isa = PBXProject;
			attributes = {
				LastSwiftUpdateCheck = 1220;
				LastUpgradeCheck = 1220;
				TargetAttributes = {
					D752C9DC2595D30E005A4889 = {
						CreatedOnToolsVersion = 12.2;
					};
					D752C9F22595D313005A4889 = {
						CreatedOnToolsVersion = 12.2;
						TestTargetID = D752C9DC2595D30E005A4889;
					};
					D752C9FD2595D313005A4889 = {
						CreatedOnToolsVersion = 12.2;
						TestTargetID = D752C9DC2595D30E005A4889;
					};
				};
			};
			buildConfigurationList = D752C9D82595D30D005A4889 /* Build configuration list for PBXProject "FixerApp" */;
			compatibilityVersion = "Xcode 9.3";
			developmentRegion = en;
			hasScannedForEncodings = 0;
			knownRegions = (
				en,
				Base,
			);
			mainGroup = D752C9D42595D30D005A4889;
			productRefGroup = D752C9DE2595D30E005A4889 /* Products */;
			projectDirPath = "";
			projectRoot = "";
			targets = (
				D752C9DC2595D30E005A4889 /* FixerApp */,
				D752C9F22595D313005A4889 /* FixerAppTests */,
				D752C9FD2595D313005A4889 /* FixerAppUITests */,
			);
		};
/* End PBXProject section */

/* Begin PBXResourcesBuildPhase section */
		D752C9DB2595D30E005A4889 /* Resources */ = {
			isa = PBXResourcesBuildPhase;
			buildActionMask = 2147483647;
			files = (
				D71373A225BBBD4400DBF96B /* TimeZoneCell.xib in Resources */,
				D713739525BB18DF00DBF96B /* TimeZoneHeader.xib in Resources */,
				D752C9ED2595D312005A4889 /* LaunchScreen.storyboard in Resources */,
				D752C9EA2595D312005A4889 /* Assets.xcassets in Resources */,
				D752C9E82595D30E005A4889 /* Main.storyboard in Resources */,
			);
			runOnlyForDeploymentPostprocessing = 0;
		};
		D752C9F12595D313005A4889 /* Resources */ = {
			isa = PBXResourcesBuildPhase;
			buildActionMask = 2147483647;
			files = (
			);
			runOnlyForDeploymentPostprocessing = 0;
		};
		D752C9FC2595D313005A4889 /* Resources */ = {
			isa = PBXResourcesBuildPhase;
			buildActionMask = 2147483647;
			files = (
			);
			runOnlyForDeploymentPostprocessing = 0;
		};
/* End PBXResourcesBuildPhase section */

/* Begin PBXSourcesBuildPhase section */
		D752C9D92595D30E005A4889 /* Sources */ = {
			isa = PBXSourcesBuildPhase;
			buildActionMask = 2147483647;
			files = (
				D713739425BB18DF00DBF96B /* TimeZoneHeader.swift in Sources */,
				D752C9E52595D30E005A4889 /* ViewController.swift in Sources */,
				D71373A125BBBD4400DBF96B /* TimeZoneCell.swift in Sources */,
				D752C9E12595D30E005A4889 /* AppDelegate.swift in Sources */,
				D752C9E32595D30E005A4889 /* SceneDelegate.swift in Sources */,
			);
			runOnlyForDeploymentPostprocessing = 0;
		};
		D752C9EF2595D313005A4889 /* Sources */ = {
			isa = PBXSourcesBuildPhase;
			buildActionMask = 2147483647;
			files = (
				D752C9F82595D313005A4889 /* FixerAppTests.swift in Sources */,
			);
			runOnlyForDeploymentPostprocessing = 0;
		};
		D752C9FA2595D313005A4889 /* Sources */ = {
			isa = PBXSourcesBuildPhase;
			buildActionMask = 2147483647;
			files = (
				D752CA032595D313005A4889 /* FixerAppUITests.swift in Sources */,
			);
			runOnlyForDeploymentPostprocessing = 0;
		};
/* End PBXSourcesBuildPhase section */

/* Begin PBXTargetDependency section */
		D752C9F52595D313005A4889 /* PBXTargetDependency */ = {
			isa = PBXTargetDependency;
			target = D752C9DC2595D30E005A4889 /* FixerApp */;
			targetProxy = D752C9F42595D313005A4889 /* PBXContainerItemProxy */;
		};
		D752CA002595D313005A4889 /* PBXTargetDependency */ = {
			isa = PBXTargetDependency;
			target = D752C9DC2595D30E005A4889 /* FixerApp */;
			targetProxy = D752C9FF2595D313005A4889 /* PBXContainerItemProxy */;
		};
/* End PBXTargetDependency section */

/* Begin PBXVariantGroup section */
		D752C9E62595D30E005A4889 /* Main.storyboard */ = {
			isa = PBXVariantGroup;
			children = (
				D752C9E72595D30E005A4889 /* Base */,
			);
			name = Main.storyboard;
			sourceTree = "<group>";
		};
		D752C9EB2595D312005A4889 /* LaunchScreen.storyboard */ = {
			isa = PBXVariantGroup;
			children = (
				D752C9EC2595D312005A4889 /* Base */,
			);
			name = LaunchScreen.storyboard;
			sourceTree = "<group>";
		};
/* End PBXVariantGroup section */

/* Begin XCBuildConfiguration section */
		D752CA052595D313005A4889 /* Debug */ = {
			isa = XCBuildConfiguration;
			buildSettings = {
				ALWAYS_SEARCH_USER_PATHS = NO;
				CLANG_ANALYZER_NONNULL = YES;
				CLANG_ANALYZER_NUMBER_OBJECT_CONVERSION = YES_AGGRESSIVE;
				CLANG_CXX_LANGUAGE_STANDARD = "gnu++14";
				CLANG_CXX_LIBRARY = "libc++";
				CLANG_ENABLE_MODULES = YES;
				CLANG_ENABLE_OBJC_ARC = YES;
				CLANG_ENABLE_OBJC_WEAK = YES;
				CLANG_WARN_BLOCK_CAPTURE_AUTORELEASING = YES;
				CLANG_WARN_BOOL_CONVERSION = YES;
				CLANG_WARN_COMMA = YES;
				CLANG_WARN_CONSTANT_CONVERSION = YES;
				CLANG_WARN_DEPRECATED_OBJC_IMPLEMENTATIONS = YES;
				CLANG_WARN_DIRECT_OBJC_ISA_USAGE = YES_ERROR;
				CLANG_WARN_DOCUMENTATION_COMMENTS = YES;
				CLANG_WARN_EMPTY_BODY = YES;
				CLANG_WARN_ENUM_CONVERSION = YES;
				CLANG_WARN_INFINITE_RECURSION = YES;
				CLANG_WARN_INT_CONVERSION = YES;
				CLANG_WARN_NON_LITERAL_NULL_CONVERSION = YES;
				CLANG_WARN_OBJC_IMPLICIT_RETAIN_SELF = YES;
				CLANG_WARN_OBJC_LITERAL_CONVERSION = YES;
				CLANG_WARN_OBJC_ROOT_CLASS = YES_ERROR;
				CLANG_WARN_QUOTED_INCLUDE_IN_FRAMEWORK_HEADER = YES;
				CLANG_WARN_RANGE_LOOP_ANALYSIS = YES;
				CLANG_WARN_STRICT_PROTOTYPES = YES;
				CLANG_WARN_SUSPICIOUS_MOVE = YES;
				CLANG_WARN_UNGUARDED_AVAILABILITY = YES_AGGRESSIVE;
				CLANG_WARN_UNREACHABLE_CODE = YES;
				CLANG_WARN__DUPLICATE_METHOD_MATCH = YES;
				COPY_PHASE_STRIP = NO;
				DEBUG_INFORMATION_FORMAT = dwarf;
				ENABLE_STRICT_OBJC_MSGSEND = YES;
				ENABLE_TESTABILITY = YES;
				GCC_C_LANGUAGE_STANDARD = gnu11;
				GCC_DYNAMIC_NO_PIC = NO;
				GCC_NO_COMMON_BLOCKS = YES;
				GCC_OPTIMIZATION_LEVEL = 0;
				GCC_PREPROCESSOR_DEFINITIONS = (
					"DEBUG=1",
					"$(inherited)",
				);
				GCC_WARN_64_TO_32_BIT_CONVERSION = YES;
				GCC_WARN_ABOUT_RETURN_TYPE = YES_ERROR;
				GCC_WARN_UNDECLARED_SELECTOR = YES;
				GCC_WARN_UNINITIALIZED_AUTOS = YES_AGGRESSIVE;
				GCC_WARN_UNUSED_FUNCTION = YES;
				GCC_WARN_UNUSED_VARIABLE = YES;
				IPHONEOS_DEPLOYMENT_TARGET = 14.2;
				MTL_ENABLE_DEBUG_INFO = INCLUDE_SOURCE;
				MTL_FAST_MATH = YES;
				ONLY_ACTIVE_ARCH = YES;
				SDKROOT = iphoneos;
				SWIFT_ACTIVE_COMPILATION_CONDITIONS = DEBUG;
				SWIFT_OPTIMIZATION_LEVEL = "-Onone";
			};
			name = Debug;
		};
		D752CA062595D313005A4889 /* Release */ = {
			isa = XCBuildConfiguration;
			buildSettings = {
				ALWAYS_SEARCH_USER_PATHS = NO;
				CLANG_ANALYZER_NONNULL = YES;
				CLANG_ANALYZER_NUMBER_OBJECT_CONVERSION = YES_AGGRESSIVE;
				CLANG_CXX_LANGUAGE_STANDARD = "gnu++14";
				CLANG_CXX_LIBRARY = "libc++";
				CLANG_ENABLE_MODULES = YES;
				CLANG_ENABLE_OBJC_ARC = YES;
				CLANG_ENABLE_OBJC_WEAK = YES;
				CLANG_WARN_BLOCK_CAPTURE_AUTORELEASING = YES;
				CLANG_WARN_BOOL_CONVERSION = YES;
				CLANG_WARN_COMMA = YES;
				CLANG_WARN_CONSTANT_CONVERSION = YES;
				CLANG_WARN_DEPRECATED_OBJC_IMPLEMENTATIONS = YES;
				CLANG_WARN_DIRECT_OBJC_ISA_USAGE = YES_ERROR;
				CLANG_WARN_DOCUMENTATION_COMMENTS = YES;
				CLANG_WARN_EMPTY_BODY = YES;
				CLANG_WARN_ENUM_CONVERSION = YES;
				CLANG_WARN_INFINITE_RECURSION = YES;
				CLANG_WARN_INT_CONVERSION = YES;
				CLANG_WARN_NON_LITERAL_NULL_CONVERSION = YES;
				CLANG_WARN_OBJC_IMPLICIT_RETAIN_SELF = YES;
				CLANG_WARN_OBJC_LITERAL_CONVERSION = YES;
				CLANG_WARN_OBJC_ROOT_CLASS = YES_ERROR;
				CLANG_WARN_QUOTED_INCLUDE_IN_FRAMEWORK_HEADER = YES;
				CLANG_WARN_RANGE_LOOP_ANALYSIS = YES;
				CLANG_WARN_STRICT_PROTOTYPES = YES;
				CLANG_WARN_SUSPICIOUS_MOVE = YES;
				CLANG_WARN_UNGUARDED_AVAILABILITY = YES_AGGRESSIVE;
				CLANG_WARN_UNREACHABLE_CODE = YES;
				CLANG_WARN__DUPLICATE_METHOD_MATCH = YES;
				COPY_PHASE_STRIP = NO;
				DEBUG_INFORMATION_FORMAT = "dwarf-with-dsym";
				ENABLE_NS_ASSERTIONS = NO;
				ENABLE_STRICT_OBJC_MSGSEND = YES;
				GCC_C_LANGUAGE_STANDARD = gnu11;
				GCC_NO_COMMON_BLOCKS = YES;
				GCC_WARN_64_TO_32_BIT_CONVERSION = YES;
				GCC_WARN_ABOUT_RETURN_TYPE = YES_ERROR;
				GCC_WARN_UNDECLARED_SELECTOR = YES;
				GCC_WARN_UNINITIALIZED_AUTOS = YES_AGGRESSIVE;
				GCC_WARN_UNUSED_FUNCTION = YES;
				GCC_WARN_UNUSED_VARIABLE = YES;
				IPHONEOS_DEPLOYMENT_TARGET = 14.2;
				MTL_ENABLE_DEBUG_INFO = NO;
				MTL_FAST_MATH = YES;
				SDKROOT = iphoneos;
				SWIFT_COMPILATION_MODE = wholemodule;
				SWIFT_OPTIMIZATION_LEVEL = "-O";
				VALIDATE_PRODUCT = YES;
			};
			name = Release;
		};
		D752CA082595D313005A4889 /* Debug */ = {
			isa = XCBuildConfiguration;
			buildSettings = {
				ASSETCATALOG_COMPILER_APPICON_NAME = AppIcon;
				ASSETCATALOG_COMPILER_GLOBAL_ACCENT_COLOR_NAME = AccentColor;
				CODE_SIGN_STYLE = Automatic;
				INFOPLIST_FILE = FixerApp/Info.plist;
				LD_RUNPATH_SEARCH_PATHS = (
					"$(inherited)",
					"@executable_path/Frameworks",
				);
				PRODUCT_BUNDLE_IDENTIFIER = "Kohei-Keta.FixerApp";
				PRODUCT_NAME = "$(TARGET_NAME)";
				SWIFT_VERSION = 5.0;
				TARGETED_DEVICE_FAMILY = "1,2";
			};
			name = Debug;
		};
		D752CA092595D313005A4889 /* Release */ = {
			isa = XCBuildConfiguration;
			buildSettings = {
				ASSETCATALOG_COMPILER_APPICON_NAME = AppIcon;
				ASSETCATALOG_COMPILER_GLOBAL_ACCENT_COLOR_NAME = AccentColor;
				CODE_SIGN_STYLE = Automatic;
				INFOPLIST_FILE = FixerApp/Info.plist;
				LD_RUNPATH_SEARCH_PATHS = (
					"$(inherited)",
					"@executable_path/Frameworks",
				);
				PRODUCT_BUNDLE_IDENTIFIER = "Kohei-Keta.FixerApp";
				PRODUCT_NAME = "$(TARGET_NAME)";
				SWIFT_VERSION = 5.0;
				TARGETED_DEVICE_FAMILY = "1,2";
			};
			name = Release;
		};
		D752CA0B2595D313005A4889 /* Debug */ = {
			isa = XCBuildConfiguration;
			buildSettings = {
				ALWAYS_EMBED_SWIFT_STANDARD_LIBRARIES = YES;
				BUNDLE_LOADER = "$(TEST_HOST)";
				CODE_SIGN_STYLE = Automatic;
				INFOPLIST_FILE = FixerAppTests/Info.plist;
				IPHONEOS_DEPLOYMENT_TARGET = 14.2;
				LD_RUNPATH_SEARCH_PATHS = (
					"$(inherited)",
					"@executable_path/Frameworks",
					"@loader_path/Frameworks",
				);
				PRODUCT_BUNDLE_IDENTIFIER = "Kohei-Keta.FixerAppTests";
				PRODUCT_NAME = "$(TARGET_NAME)";
				SWIFT_VERSION = 5.0;
				TARGETED_DEVICE_FAMILY = "1,2";
				TEST_HOST = "$(BUILT_PRODUCTS_DIR)/FixerApp.app/FixerApp";
			};
			name = Debug;
		};
		D752CA0C2595D313005A4889 /* Release */ = {
			isa = XCBuildConfiguration;
			buildSettings = {
				ALWAYS_EMBED_SWIFT_STANDARD_LIBRARIES = YES;
				BUNDLE_LOADER = "$(TEST_HOST)";
				CODE_SIGN_STYLE = Automatic;
				INFOPLIST_FILE = FixerAppTests/Info.plist;
				IPHONEOS_DEPLOYMENT_TARGET = 14.2;
				LD_RUNPATH_SEARCH_PATHS = (
					"$(inherited)",
					"@executable_path/Frameworks",
					"@loader_path/Frameworks",
				);
				PRODUCT_BUNDLE_IDENTIFIER = "Kohei-Keta.FixerAppTests";
				PRODUCT_NAME = "$(TARGET_NAME)";
				SWIFT_VERSION = 5.0;
				TARGETED_DEVICE_FAMILY = "1,2";
				TEST_HOST = "$(BUILT_PRODUCTS_DIR)/FixerApp.app/FixerApp";
			};
			name = Release;
		};
		D752CA0E2595D313005A4889 /* Debug */ = {
			isa = XCBuildConfiguration;
			buildSettings = {
				ALWAYS_EMBED_SWIFT_STANDARD_LIBRARIES = YES;
				CODE_SIGN_STYLE = Automatic;
				INFOPLIST_FILE = FixerAppUITests/Info.plist;
				LD_RUNPATH_SEARCH_PATHS = (
					"$(inherited)",
					"@executable_path/Frameworks",
					"@loader_path/Frameworks",
				);
				PRODUCT_BUNDLE_IDENTIFIER = "Kohei-Keta.FixerAppUITests";
				PRODUCT_NAME = "$(TARGET_NAME)";
				SWIFT_VERSION = 5.0;
				TARGETED_DEVICE_FAMILY = "1,2";
				TEST_TARGET_NAME = FixerApp;
			};
			name = Debug;
		};
		D752CA0F2595D313005A4889 /* Release */ = {
			isa = XCBuildConfiguration;
			buildSettings = {
				ALWAYS_EMBED_SWIFT_STANDARD_LIBRARIES = YES;
				CODE_SIGN_STYLE = Automatic;
				INFOPLIST_FILE = FixerAppUITests/Info.plist;
				LD_RUNPATH_SEARCH_PATHS = (
					"$(inherited)",
					"@executable_path/Frameworks",
					"@loader_path/Frameworks",
				);
				PRODUCT_BUNDLE_IDENTIFIER = "Kohei-Keta.FixerAppUITests";
				PRODUCT_NAME = "$(TARGET_NAME)";
				SWIFT_VERSION = 5.0;
				TARGETED_DEVICE_FAMILY = "1,2";
				TEST_TARGET_NAME = FixerApp;
			};
			name = Release;
		};
/* End XCBuildConfiguration section */

/* Begin XCConfigurationList section */
		D752C9D82595D30D005A4889 /* Build configuration list for PBXProject "FixerApp" */ = {
			isa = XCConfigurationList;
			buildConfigurations = (
				D752CA052595D313005A4889 /* Debug */,
				D752CA062595D313005A4889 /* Release */,
			);
			defaultConfigurationIsVisible = 0;
			defaultConfigurationName = Release;
		};
		D752CA072595D313005A4889 /* Build configuration list for PBXNativeTarget "FixerApp" */ = {
			isa = XCConfigurationList;
			buildConfigurations = (
				D752CA082595D313005A4889 /* Debug */,
				D752CA092595D313005A4889 /* Release */,
			);
			defaultConfigurationIsVisible = 0;
			defaultConfigurationName = Release;
		};
		D752CA0A2595D313005A4889 /* Build configuration list for PBXNativeTarget "FixerAppTests" */ = {
			isa = XCConfigurationList;
			buildConfigurations = (
				D752CA0B2595D313005A4889 /* Debug */,
				D752CA0C2595D313005A4889 /* Release */,
			);
			defaultConfigurationIsVisible = 0;
			defaultConfigurationName = Release;
		};
		D752CA0D2595D313005A4889 /* Build configuration list for PBXNativeTarget "FixerAppUITests" */ = {
			isa = XCConfigurationList;
			buildConfigurations = (
				D752CA0E2595D313005A4889 /* Debug */,
				D752CA0F2595D313005A4889 /* Release */,
			);
			defaultConfigurationIsVisible = 0;
			defaultConfigurationName = Release;
		};
/* End XCConfigurationList section */
	};
	rootObject = D752C9D52595D30D005A4889 /* Project object */;
}
